
Microsoft Visual Studio Solution File, Format Version 12.00
Project("{FAE04EC0-301F-11D3-BF4B-00C04F79EFBC}") = "UsersPaymentManager", "UsersPaymentManager\UsersPaymentManager.csproj", "{C2E7AAF3-8D37-42B6-829E-D7FF30F6F69C}"
EndProject
Project("{FAE04EC0-301F-11D3-BF4B-00C04F79EFBC}") = "StudentsSystem", "StudentsSystem\StudentsSystem.csproj", "{98D08CE8-A8CE-4E90-822C-9CA6FF06FD89}"
EndProject
Project("{FAE04EC0-301F-11D3-BF4B-00C04F79EFBC}") = "AttendanceAndPayments", "AttendanceAndPayments\AttendanceAndPayments.csproj", "{5D8A0AB3-FEAD-420C-8549-242C2AE6B910}"
EndProject
Project("{FAE04EC0-301F-11D3-BF4B-00C04F79EFBC}") = "Storage", "Storage\Storage.csproj", "{C543385A-7310-436C-9C5B-1B27A676050C}"
EndProject
Global
	GlobalSection(SolutionConfigurationPlatforms) = preSolution
		Debug|Any CPU = Debug|Any CPU
		Release|Any CPU = Release|Any CPU
	EndGlobalSection
	GlobalSection(ProjectConfigurationPlatforms) = postSolution
		{C2E7AAF3-8D37-42B6-829E-D7FF30F6F69C}.Debug|Any CPU.ActiveCfg = Debug|Any CPU
		{C2E7AAF3-8D37-42B6-829E-D7FF30F6F69C}.Debug|Any CPU.Build.0 = Debug|Any CPU
		{C2E7AAF3-8D37-42B6-829E-D7FF30F6F69C}.Release|Any CPU.ActiveCfg = Release|Any CPU
		{C2E7AAF3-8D37-42B6-829E-D7FF30F6F69C}.Release|Any CPU.Build.0 = Release|Any CPU
		{98D08CE8-A8CE-4E90-822C-9CA6FF06FD89}.Debug|Any CPU.ActiveCfg = Debug|Any CPU
		{98D08CE8-A8CE-4E90-822C-9CA6FF06FD89}.Debug|Any CPU.Build.0 = Debug|Any CPU
		{98D08CE8-A8CE-4E90-822C-9CA6FF06FD89}.Release|Any CPU.ActiveCfg = Release|Any CPU
		{98D08CE8-A8CE-4E90-822C-9CA6FF06FD89}.Release|Any CPU.Build.0 = Release|Any CPU
		{5D8A0AB3-FEAD-420C-8549-242C2AE6B910}.Debug|Any CPU.ActiveCfg = Debug|Any CPU
		{5D8A0AB3-FEAD-420C-8549-242C2AE6B910}.Debug|Any CPU.Build.0 = Debug|Any CPU
		{5D8A0AB3-FEAD-420C-8549-242C2AE6B910}.Release|Any CPU.ActiveCfg = Release|Any CPU
		{5D8A0AB3-FEAD-420C-8549-242C2AE6B910}.Release|Any CPU.Build.0 = Release|Any CPU
		{C543385A-7310-436C-9C5B-1B27A676050C}.Debug|Any CPU.ActiveCfg = Debug|Any CPU
		{C543385A-7310-436C-9C5B-1B27A676050C}.Debug|Any CPU.Build.0 = Debug|Any CPU
		{C543385A-7310-436C-9C5B-1B27A676050C}.Release|Any CPU.ActiveCfg = Release|Any CPU
		{C543385A-7310-436C-9C5B-1B27A676050C}.Release|Any CPU.Build.0 = Release|Any CPU
	EndGlobalSection
EndGlobal
